{
  "name": "dropshop",
  "lockfileVersion": 3,
  "requires": true,
  "packages": {
    "": {
      "devDependencies": {
        "vite-plugin-eslint": "^1.8.1"
      }
    },
    "node_modules/@rollup/pluginutils": {
      "version": "4.2.1",
      "resolved": "https://registry.npmjs.org/@rollup/pluginutils/-/pluginutils-4.2.1.tgz",
      "integrity": "sha512-iKnFXr7NkdZAIHiIWE+BX5ULi/ucVFYWD6TbAV+rZctiRTY2PL6tsIKhoIOaoskiWAkgu+VsbXgUVDNLHf+InQ==",
      "dev": true,
      "dependencies": {
        "estree-walker": "^2.0.1",
        "picomatch": "^2.2.2"
      },
      "engines": {
        "node": ">= 8.0.0"
      }
    },
    "node_modules/@types/eslint": {
      "version": "8.44.6",
      "resolved": "https://registry.npmjs.org/@types/eslint/-/eslint-8.44.6.tgz",
      "integrity": "sha512-P6bY56TVmX8y9J87jHNgQh43h6VVU+6H7oN7hgvivV81K2XY8qJZ5vqPy/HdUoVIelii2kChYVzQanlswPWVFw==",
      "dev": true,
      "dependencies": {
        "@types/estree": "*",
        "@types/json-schema": "*"
      }
    },
    "node_modules/@types/estree": {
      "version": "1.0.4",
      "resolved": "https://registry.npmjs.org/@types/estree/-/estree-1.0.4.tgz",
      "integrity": "sha512-2JwWnHK9H+wUZNorf2Zr6ves96WHoWDJIftkcxPKsS7Djta6Zu519LarhRNljPXkpsZR2ZMwNCPeW7omW07BJw==",
      "dev": true
    },
    "node_modules/@types/json-schema": {
      "version": "7.0.14",
      "resolved": "https://registry.npmjs.org/@types/json-schema/-/json-schema-7.0.14.tgz",
      "integrity": "sha512-U3PUjAudAdJBeC2pgN8uTIKgxrb4nlDF3SF0++EldXQvQBGkpFZMSnwQiIoDU77tv45VgNkl/L4ouD+rEomujw==",
      "dev": true
    },
    "node_modules/estree-walker": {
      "version": "2.0.2",
      "resolved": "https://registry.npmjs.org/estree-walker/-/estree-walker-2.0.2.tgz",
      "integrity": "sha512-Rfkk/Mp/DL7JVje3u18FxFujQlTNR2q6QfMSMB7AvCBx91NGj/ba3kCfza0f6dVDbw7YlRf/nDrn7pQrCCyQ/w==",
      "dev": true
    },
    "node_modules/fsevents": {
      "version": "2.3.3",
      "resolved": "https://registry.npmjs.org/fsevents/-/fsevents-2.3.3.tgz",
      "integrity": "sha512-5xoDfX+fL7faATnagmWPpbFtwh/R77WmMMqqHGS65C3vvB0YHrgF+B1YmZ3441tMj5n63k0212XNoJwzlhffQw==",
      "dev": true,
      "hasInstallScript": true,
      "optional": true,
      "os": [
        "darwin"
      ],
      "engines": {
        "node": "^8.16.0 || ^10.6.0 || >=11.0.0"
      }
    },
    "node_modules/picomatch": {
      "version": "2.3.1",
      "resolved": "https://registry.npmjs.org/picomatch/-/picomatch-2.3.1.tgz",
      "integrity": "sha512-JU3teHTNjmE2VCGFzuY8EXzCDVwEqB2a8fsIvwaStHhAWJEeVd1o1QD80CU6+ZdEXXSLbSsuLwJjkCBWqRQUVA==",
      "dev": true,
      "engines": {
        "node": ">=8.6"
      },
      "funding": {
        "url": "https://github.com/sponsors/jonschlinkert"
      }
    },
    "node_modules/rollup": {
      "version": "2.79.1",
      "resolved": "https://registry.npmjs.org/rollup/-/rollup-2.79.1.tgz",
      "integrity": "sha512-uKxbd0IhMZOhjAiD5oAFp7BqvkA4Dv47qpOCtaNvng4HBwdbWtdOh8f5nZNuk2rp51PMGk3bzfWu5oayNEuYnw==",
      "dev": true,
      "bin": {
        "rollup": "dist/bin/rollup"
      },
      "engines": {
        "node": ">=10.0.0"
      },
      "optionalDependencies": {
        "fsevents": "~2.3.2"
      }
    },
    "node_modules/vite-plugin-eslint": {
      "version": "1.8.1",
      "resolved": "https://registry.npmjs.org/vite-plugin-eslint/-/vite-plugin-eslint-1.8.1.tgz",
      "integrity": "sha512-PqdMf3Y2fLO9FsNPmMX+//2BF5SF8nEWspZdgl4kSt7UvHDRHVVfHvxsD7ULYzZrJDGRxR81Nq7TOFgwMnUang==",
      "dev": true,
      "dependencies": {
        "@rollup/pluginutils": "^4.2.1",
        "@types/eslint": "^8.4.5",
        "rollup": "^2.77.2"
      },
      "peerDependencies": {
        "eslint": ">=7",
        "vite": ">=2"
      }
    }
  }
}
